
Microsoft Visual Studio Solution File, Format Version 12.00
# Visual Studio Version 16
VisualStudioVersion = 16.0.30114.105
MinimumVisualStudioVersion = 10.0.40219.1
Project("{FAE04EC0-301F-11D3-BF4B-00C04F79EFBC}") = "EbBillLibrary", "EbBillLibrary\EbBillLibrary.csproj", "{695481FB-E72C-4059-99C8-7F3B57E7DEFB}"
EndProject
Project("{FAE04EC0-301F-11D3-BF4B-00C04F79EFBC}") = "EbBillApp", "EbBillApp\EbBillApp.csproj", "{3A4925FE-3DB7-4E06-A8A6-1ED503C6DA47}"
EndProject
Global
	GlobalSection(SolutionConfigurationPlatforms) = preSolution
		Debug|Any CPU = Debug|Any CPU
		Release|Any CPU = Release|Any CPU
	EndGlobalSection
	GlobalSection(SolutionProperties) = preSolution
		HideSolutionNode = FALSE
	EndGlobalSection
	GlobalSection(ProjectConfigurationPlatforms) = postSolution
		{695481FB-E72C-4059-99C8-7F3B57E7DEFB}.Debug|Any CPU.ActiveCfg = Debug|Any CPU
		{695481FB-E72C-4059-99C8-7F3B57E7DEFB}.Debug|Any CPU.Build.0 = Debug|Any CPU
		{695481FB-E72C-4059-99C8-7F3B57E7DEFB}.Release|Any CPU.ActiveCfg = Release|Any CPU
		{695481FB-E72C-4059-99C8-7F3B57E7DEFB}.Release|Any CPU.Build.0 = Release|Any CPU
		{3A4925FE-3DB7-4E06-A8A6-1ED503C6DA47}.Debug|Any CPU.ActiveCfg = Debug|Any CPU
		{3A4925FE-3DB7-4E06-A8A6-1ED503C6DA47}.Debug|Any CPU.Build.0 = Debug|Any CPU
		{3A4925FE-3DB7-4E06-A8A6-1ED503C6DA47}.Release|Any CPU.ActiveCfg = Release|Any CPU
		{3A4925FE-3DB7-4E06-A8A6-1ED503C6DA47}.Release|Any CPU.Build.0 = Release|Any CPU
	EndGlobalSection
EndGlobal
